Microsoft Visual Studio Solution File, Format Version 12.00
# Visual Studio Version 17
VisualStudioVersion = 17.5.2.0
MinimumVisualStudioVersion = 10.0.40219.1
Project("{FAE04EC0-301F-11D3-BF4B-00C04F79EFBC}") = "Wazzafni", "Wazzafni\Wazzafni.csproj", "{73EC7D87-4F25-C573-BD7B-A7FCC0092FE7}"
EndProject
Global
	GlobalSection(SolutionConfigurationPlatforms) = preSolution
		Debug|Any CPU = Debug|Any CPU
		Release|Any CPU = Release|Any CPU
	EndGlobalSection
	GlobalSection(ProjectConfigurationPlatforms) = postSolution
		{73EC7D87-4F25-C573-BD7B-A7FCC0092FE7}.Debug|Any CPU.ActiveCfg = Debug|Any CPU
		{73EC7D87-4F25-C573-BD7B-A7FCC0092FE7}.Debug|Any CPU.Build.0 = Debug|Any CPU
		{73EC7D87-4F25-C573-BD7B-A7FCC0092FE7}.Release|Any CPU.ActiveCfg = Release|Any CPU
		{73EC7D87-4F25-C573-BD7B-A7FCC0092FE7}.Release|Any CPU.Build.0 = Release|Any CPU
	EndGlobalSection
	GlobalSection(SolutionProperties) = preSolution
		HideSolutionNode = FALSE
	EndGlobalSection
	GlobalSection(ExtensibilityGlobals) = postSolution
		SolutionGuid = {5CAD3D8D-12CF-486B-8CC2-28F90F7B6A2F}
	EndGlobalSection
EndGlobal
